
Microsoft Visual Studio Solution File, Format Version 12.00
# Visual Studio Version 17
VisualStudioVersion = 17.14.36518.9
MinimumVisualStudioVersion = 10.0.40219.1
Project("{9A19103F-16F7-4668-BE54-9A1E7A4F7556}") = "wifi", "wifi\wifi.csproj", "{4565860A-C131-4456-9E66-3ED8B5A8BF6C}"
EndProject
Global
	GlobalSection(SolutionConfigurationPlatforms) = preSolution
		Debug|Any CPU = Debug|Any CPU
		Release|Any CPU = Release|Any CPU
	EndGlobalSection
	GlobalSection(ProjectConfigurationPlatforms) = postSolution
		{4565860A-C131-4456-9E66-3ED8B5A8BF6C}.Debug|Any CPU.ActiveCfg = Debug|Any CPU
		{4565860A-C131-4456-9E66-3ED8B5A8BF6C}.Debug|Any CPU.Build.0 = Debug|Any CPU
		{4565860A-C131-4456-9E66-3ED8B5A8BF6C}.Release|Any CPU.ActiveCfg = Release|Any CPU
		{4565860A-C131-4456-9E66-3ED8B5A8BF6C}.Release|Any CPU.Build.0 = Release|Any CPU
	EndGlobalSection
	GlobalSection(SolutionProperties) = preSolution
		HideSolutionNode = FALSE
	EndGlobalSection
	GlobalSection(ExtensibilityGlobals) = postSolution
		SolutionGuid = {03E3DDE7-B86C-47D3-809F-83FA9D737A8F}
	EndGlobalSection
EndGlobal
